// !$*UTF8*$!
{
	archiveVersion = 1;
	classes = {
	};
	objectVersion = 77;
	objects = {

/* Begin PBXBuildFile section */
		2000000000000000000000BB /* MacLinkKit in Frameworks */ = {isa = PBXBuildFile; productRef = 2000000000000000000000BA /* MacLinkKit */; };
		3000000000000000000000CB /* MacLinkKit in Frameworks */ = {isa = PBXBuildFile; productRef = 3000000000000000000000CA /* MacLinkKit */; };
/* End PBXBuildFile section */

/* Begin PBXFileReference section */
		2000000000000000000000B2 /* MacLink.app */ = {isa = PBXFileReference; explicitFileType = wrapper.application; includeInIndex = 0; path = MacLink.app; sourceTree = BUILT_PRODUCTS_DIR; };
		2000000000000000000000BC /* Info.plist */ = {isa = PBXFileReference; lastKnownFileType = text.plist.xml; path = Info.plist; sourceTree = "<group>"; };
		3000000000000000000000C2 /* MacLink Host.app */ = {isa = PBXFileReference; explicitFileType = wrapper.application; includeInIndex = 0; path = "MacLink Host.app"; sourceTree = BUILT_PRODUCTS_DIR; };
		3000000000000000000000CC /* Info.plist */ = {isa = PBXFileReference; lastKnownFileType = text.plist.xml; path = Info.plist; sourceTree = "<group>"; };
/* End PBXFileReference section */

/* Begin PBXFileSystemSynchronizedRootGroup section */
		2000000000000000000000B9 /* Sources */ = {
			isa = PBXFileSystemSynchronizedRootGroup;
			path = Sources;
			sourceTree = "<group>";
		};
		3000000000000000000000C9 /* Sources */ = {
			isa = PBXFileSystemSynchronizedRootGroup;
			path = Sources;
			sourceTree = "<group>";
		};
/* End PBXFileSystemSynchronizedRootGroup section */

/* Begin PBXFrameworksBuildPhase section */
		2000000000000000000000B7 /* Frameworks */ = {
			isa = PBXFrameworksBuildPhase;
			buildActionMask = 2147483647;
			files = (
				2000000000000000000000BB /* MacLinkKit in Frameworks */,
			);
			runOnlyForDeploymentPostprocessing = 0;
		};
		3000000000000000000000C7 /* Frameworks */ = {
			isa = PBXFrameworksBuildPhase;
			buildActionMask = 2147483647;
			files = (
				3000000000000000000000CB /* MacLinkKit in Frameworks */,
			);
			runOnlyForDeploymentPostprocessing = 0;
		};
/* End PBXFrameworksBuildPhase section */

/* Begin PBXGroup section */
		1000000000000000000000A2 = {
			isa = PBXGroup;
			children = (
				1000000000000000000000A8 /* Apps */,
				1000000000000000000000A3 /* Products */,
			);
			sourceTree = "<group>";
		};
		1000000000000000000000A3 /* Products */ = {
			isa = PBXGroup;
			children = (
				2000000000000000000000B2 /* MacLink.app */,
				3000000000000000000000C2 /* MacLink Host.app */,
			);
			name = Products;
			sourceTree = "<group>";
		};
		1000000000000000000000A8 /* Apps */ = {
			isa = PBXGroup;
			children = (
				1000000000000000000000A9 /* iOS */,
				1000000000000000000000AA /* macOS */,
			);
			path = Apps;
			sourceTree = "<group>";
		};
		1000000000000000000000A9 /* iOS */ = {
			isa = PBXGroup;
			children = (
				2000000000000000000000B9 /* Sources */,
				2000000000000000000000BC /* Info.plist */,
			);
			path = iOS;
			sourceTree = "<group>";
		};
		1000000000000000000000AA /* macOS */ = {
			isa = PBXGroup;
			children = (
				3000000000000000000000C9 /* Sources */,
				3000000000000000000000CC /* Info.plist */,
			);
			path = macOS;
			sourceTree = "<group>";
		};
/* End PBXGroup section */

/* Begin PBXNativeTarget section */
		2000000000000000000000B1 /* MacLink */ = {
			isa = PBXNativeTarget;
			buildConfigurationList = 2000000000000000000000B3 /* Build configuration list for PBXNativeTarget "MacLink" */;
			buildPhases = (
				2000000000000000000000B6 /* Sources */,
				2000000000000000000000B7 /* Frameworks */,
				2000000000000000000000B8 /* Resources */,
			);
			buildRules = (
			);
			dependencies = (
			);
			fileSystemSynchronizedGroups = (
				2000000000000000000000B9 /* Sources */,
			);
			name = MacLink;
			packageProductDependencies = (
				2000000000000000000000BA /* MacLinkKit */,
			);
			productName = MacLink;
			productReference = 2000000000000000000000B2 /* MacLink.app */;
			productType = "com.apple.product-type.application";
		};
		3000000000000000000000C1 /* MacLinkHost */ = {
			isa = PBXNativeTarget;
			buildConfigurationList = 3000000000000000000000C3 /* Build configuration list for PBXNativeTarget "MacLinkHost" */;
			buildPhases = (
				3000000000000000000000C6 /* Sources */,
				3000000000000000000000C7 /* Frameworks */,
				3000000000000000000000C8 /* Resources */,
			);
			buildRules = (
			);
			dependencies = (
			);
			fileSystemSynchronizedGroups = (
				3000000000000000000000C9 /* Sources */,
			);
			name = MacLinkHost;
			packageProductDependencies = (
				3000000000000000000000CA /* MacLinkKit */,
			);
			productName = MacLinkHost;
			productReference = 3000000000000000000000C2 /* MacLink Host.app */;
			productType = "com.apple.product-type.application";
		};
/* End PBXNativeTarget section */

/* Begin PBXProject section */
		1000000000000000000000A1 /* Project object */ = {
			isa = PBXProject;
			attributes = {
				BuildIndependentTargetsInParallel = 1;
				LastSwiftUpdateCheck = 2660;
				LastUpgradeCheck = 2660;
				TargetAttributes = {
					2000000000000000000000B1 = {
						CreatedOnToolsVersion = 26.6;
					};
					3000000000000000000000C1 = {
						CreatedOnToolsVersion = 26.6;
					};
				};
			};
			buildConfigurationList = 1000000000000000000000A4 /* Build configuration list for PBXProject "MacLink" */;
			developmentRegion = en;
			hasScannedForEncodings = 0;
			knownRegions = (
				en,
				Base,
			);
			mainGroup = 1000000000000000000000A2;
			minimizedProjectReferenceProxies = 1;
			packageReferences = (
				1000000000000000000000A7 /* XCLocalSwiftPackageReference "Packages/MacLinkKit" */,
			);
			preferredProjectObjectVersion = 77;
			productRefGroup = 1000000000000000000000A3 /* Products */;
			projectDirPath = "";
			projectRoot = "";
			targets = (
				2000000000000000000000B1 /* MacLink */,
				3000000000000000000000C1 /* MacLinkHost */,
			);
		};
/* End PBXProject section */

/* Begin PBXResourcesBuildPhase section */
		2000000000000000000000B8 /* Resources */ = {
			isa = PBXResourcesBuildPhase;
			buildActionMask = 2147483647;
			files = (
			);
			runOnlyForDeploymentPostprocessing = 0;
		};
		3000000000000000000000C8 /* Resources */ = {
			isa = PBXResourcesBuildPhase;
			buildActionMask = 2147483647;
			files = (
			);
			runOnlyForDeploymentPostprocessing = 0;
		};
/* End PBXResourcesBuildPhase section */

/* Begin PBXSourcesBuildPhase section */
		2000000000000000000000B6 /* Sources */ = {
			isa = PBXSourcesBuildPhase;
			buildActionMask = 2147483647;
			files = (
			);
			runOnlyForDeploymentPostprocessing = 0;
		};
		3000000000000000000000C6 /* Sources */ = {
			isa = PBXSourcesBuildPhase;
			buildActionMask = 2147483647;
			files = (
			);
			runOnlyForDeploymentPostprocessing = 0;
		};
/* End PBXSourcesBuildPhase section */

/* Begin XCBuildConfiguration section */
		1000000000000000000000A5 /* Debug */ = {
			isa = XCBuildConfiguration;
			buildSettings = {
				ALWAYS_SEARCH_USER_PATHS = NO;
				CLANG_ENABLE_MODULES = YES;
				CLANG_ENABLE_OBJC_ARC = YES;
				COPY_PHASE_STRIP = NO;
				CURRENT_PROJECT_VERSION = 1;
				DEBUG_INFORMATION_FORMAT = dwarf;
				ENABLE_STRICT_OBJC_MSGSEND = YES;
				ENABLE_TESTABILITY = YES;
				ENABLE_USER_SCRIPT_SANDBOXING = YES;
				GCC_NO_COMMON_BLOCKS = YES;
				GCC_OPTIMIZATION_LEVEL = 0;
				GCC_PREPROCESSOR_DEFINITIONS = (
					"DEBUG=1",
					"$(inherited)",
				);
				MARKETING_VERSION = 1.0;
				MTL_ENABLE_DEBUG_INFO = INCLUDE_SOURCE;
				MTL_FAST_MATH = YES;
				ONLY_ACTIVE_ARCH = YES;
				SWIFT_ACTIVE_COMPILATION_CONDITIONS = "DEBUG $(inherited)";
				SWIFT_OPTIMIZATION_LEVEL = "-Onone";
				SWIFT_VERSION = 5.0;
			};
			name = Debug;
		};
		1000000000000000000000A6 /* Release */ = {
			isa = XCBuildConfiguration;
			buildSettings = {
				ALWAYS_SEARCH_USER_PATHS = NO;
				CLANG_ENABLE_MODULES = YES;
				CLANG_ENABLE_OBJC_ARC = YES;
				COPY_PHASE_STRIP = NO;
				CURRENT_PROJECT_VERSION = 1;
				DEBUG_INFORMATION_FORMAT = "dwarf-with-dsym";
				ENABLE_NS_ASSERTIONS = NO;
				ENABLE_STRICT_OBJC_MSGSEND = YES;
				ENABLE_USER_SCRIPT_SANDBOXING = YES;
				GCC_NO_COMMON_BLOCKS = YES;
				MARKETING_VERSION = 1.0;
				MTL_ENABLE_DEBUG_INFO = NO;
				MTL_FAST_MATH = YES;
				SWIFT_COMPILATION_MODE = wholemodule;
				SWIFT_VERSION = 5.0;
				VALIDATE_PRODUCT = YES;
			};
			name = Release;
		};
		2000000000000000000000B4 /* Debug */ = {
			isa = XCBuildConfiguration;
			buildSettings = {
				ASSETCATALOG_COMPILER_APPICON_NAME = AppIcon;
				ASSETCATALOG_COMPILER_GLOBAL_ACCENT_COLOR_NAME = AccentColor;
				CODE_SIGN_IDENTITY = "Apple Development";
				"CODE_SIGN_IDENTITY[sdk=macosx*]" = "Apple Development";
				CODE_SIGN_STYLE = Automatic;
				CURRENT_PROJECT_VERSION = 1;
				DEVELOPMENT_TEAM = FPKL3ZS4C6;
				ENABLE_PREVIEWS = YES;
				GENERATE_INFOPLIST_FILE = NO;
				INFOPLIST_FILE = Apps/iOS/Info.plist;
				IPHONEOS_DEPLOYMENT_TARGET = 17.0;
				LD_RUNPATH_SEARCH_PATHS = (
					"$(inherited)",
					"@executable_path/Frameworks",
				);
				MARKETING_VERSION = 1.0;
				PRODUCT_BUNDLE_IDENTIFIER = africa.myladder.maclink;
				PRODUCT_NAME = MacLink;
				PROVISIONING_PROFILE_SPECIFIER = "";
				SDKROOT = iphoneos;
				SUPPORTED_PLATFORMS = "iphoneos iphonesimulator";
				SUPPORTS_MACCATALYST = NO;
				SWIFT_EMIT_LOC_STRINGS = YES;
				SWIFT_VERSION = 5.0;
				TARGETED_DEVICE_FAMILY = "1,2";
			};
			name = Debug;
		};
		2000000000000000000000B5 /* Release */ = {
			isa = XCBuildConfiguration;
			buildSettings = {
				ASSETCATALOG_COMPILER_APPICON_NAME = AppIcon;
				ASSETCATALOG_COMPILER_GLOBAL_ACCENT_COLOR_NAME = AccentColor;
				CODE_SIGN_IDENTITY = "Apple Development";
				"CODE_SIGN_IDENTITY[sdk=macosx*]" = "Apple Development";
				CODE_SIGN_STYLE = Automatic;
				CURRENT_PROJECT_VERSION = 1;
				DEVELOPMENT_TEAM = FPKL3ZS4C6;
				ENABLE_PREVIEWS = YES;
				GENERATE_INFOPLIST_FILE = NO;
				INFOPLIST_FILE = Apps/iOS/Info.plist;
				IPHONEOS_DEPLOYMENT_TARGET = 17.0;
				LD_RUNPATH_SEARCH_PATHS = (
					"$(inherited)",
					"@executable_path/Frameworks",
				);
				MARKETING_VERSION = 1.0;
				PRODUCT_BUNDLE_IDENTIFIER = africa.myladder.maclink;
				PRODUCT_NAME = MacLink;
				PROVISIONING_PROFILE_SPECIFIER = "";
				SDKROOT = iphoneos;
				SUPPORTED_PLATFORMS = "iphoneos iphonesimulator";
				SUPPORTS_MACCATALYST = NO;
				SWIFT_EMIT_LOC_STRINGS = YES;
				SWIFT_VERSION = 5.0;
				TARGETED_DEVICE_FAMILY = "1,2";
			};
			name = Release;
		};
		3000000000000000000000C4 /* Debug */ = {
			isa = XCBuildConfiguration;
			buildSettings = {
				CODE_SIGN_IDENTITY = "-";
				CODE_SIGN_STYLE = Manual;
				COMBINE_HIDPI_IMAGES = YES;
				CURRENT_PROJECT_VERSION = 1;
				DEVELOPMENT_TEAM = "";
				ENABLE_APP_SANDBOX = NO;
				ENABLE_HARDENED_RUNTIME = NO;
				ENABLE_PREVIEWS = YES;
				GENERATE_INFOPLIST_FILE = NO;
				INFOPLIST_FILE = Apps/macOS/Info.plist;
				LD_RUNPATH_SEARCH_PATHS = (
					"$(inherited)",
					"@executable_path/../Frameworks",
				);
				MACOSX_DEPLOYMENT_TARGET = 14.0;
				MARKETING_VERSION = 1.0;
				PRODUCT_BUNDLE_IDENTIFIER = africa.myladder.maclink.host;
				PRODUCT_NAME = "MacLink Host";
				PROVISIONING_PROFILE_SPECIFIER = "";
				SDKROOT = macosx;
				SWIFT_EMIT_LOC_STRINGS = YES;
				SWIFT_VERSION = 5.0;
			};
			name = Debug;
		};
		3000000000000000000000C5 /* Release */ = {
			isa = XCBuildConfiguration;
			buildSettings = {
				CODE_SIGN_IDENTITY = "-";
				CODE_SIGN_STYLE = Manual;
				COMBINE_HIDPI_IMAGES = YES;
				CURRENT_PROJECT_VERSION = 1;
				DEVELOPMENT_TEAM = "";
				ENABLE_APP_SANDBOX = NO;
				ENABLE_HARDENED_RUNTIME = NO;
				ENABLE_PREVIEWS = YES;
				GENERATE_INFOPLIST_FILE = NO;
				INFOPLIST_FILE = Apps/macOS/Info.plist;
				LD_RUNPATH_SEARCH_PATHS = (
					"$(inherited)",
					"@executable_path/../Frameworks",
				);
				MACOSX_DEPLOYMENT_TARGET = 14.0;
				MARKETING_VERSION = 1.0;
				PRODUCT_BUNDLE_IDENTIFIER = africa.myladder.maclink.host;
				PRODUCT_NAME = "MacLink Host";
				PROVISIONING_PROFILE_SPECIFIER = "";
				SDKROOT = macosx;
				SWIFT_EMIT_LOC_STRINGS = YES;
				SWIFT_VERSION = 5.0;
			};
			name = Release;
		};
/* End XCBuildConfiguration section */

/* Begin XCConfigurationList section */
		1000000000000000000000A4 /* Build configuration list for PBXProject "MacLink" */ = {
			isa = XCConfigurationList;
			buildConfigurations = (
				1000000000000000000000A5 /* Debug */,
				1000000000000000000000A6 /* Release */,
			);
			defaultConfigurationIsVisible = 0;
			defaultConfigurationName = Release;
		};
		2000000000000000000000B3 /* Build configuration list for PBXNativeTarget "MacLink" */ = {
			isa = XCConfigurationList;
			buildConfigurations = (
				2000000000000000000000B4 /* Debug */,
				2000000000000000000000B5 /* Release */,
			);
			defaultConfigurationIsVisible = 0;
			defaultConfigurationName = Release;
		};
		3000000000000000000000C3 /* Build configuration list for PBXNativeTarget "MacLinkHost" */ = {
			isa = XCConfigurationList;
			buildConfigurations = (
				3000000000000000000000C4 /* Debug */,
				3000000000000000000000C5 /* Release */,
			);
			defaultConfigurationIsVisible = 0;
			defaultConfigurationName = Release;
		};
/* End XCConfigurationList section */

/* Begin XCLocalSwiftPackageReference section */
		1000000000000000000000A7 /* XCLocalSwiftPackageReference "Packages/MacLinkKit" */ = {
			isa = XCLocalSwiftPackageReference;
			relativePath = Packages/MacLinkKit;
		};
/* End XCLocalSwiftPackageReference section */

/* Begin XCSwiftPackageProductDependency section */
		2000000000000000000000BA /* MacLinkKit */ = {
			isa = XCSwiftPackageProductDependency;
			productName = MacLinkKit;
		};
		3000000000000000000000CA /* MacLinkKit */ = {
			isa = XCSwiftPackageProductDependency;
			productName = MacLinkKit;
		};
/* End XCSwiftPackageProductDependency section */
	};
	rootObject = 1000000000000000000000A1 /* Project object */;
}
